
Microsoft Visual Studio Solution File, Format Version 12.00
# Visual Studio 15
VisualStudioVersion = 15.0.27004.2006
MinimumVisualStudioVersion = 10.0.40219.1
Project("{FAE04EC0-301F-11D3-BF4B-00C04F79EFBC}") = "SAMPCS", "SAMPCS\SAMPCS.csproj", "{F8E98051-3AE2-41C6-A970-B81768DF1E53}"
EndProject
Global
	GlobalSection(SolutionConfigurationPlatforms) = preSolution
		Debug|Any CPU = Debug|Any CPU
		Release|Any CPU = Release|Any CPU
	EndGlobalSection
	GlobalSection(ProjectConfigurationPlatforms) = postSolution
		{F8E98051-3AE2-41C6-A970-B81768DF1E53}.Debug|Any CPU.ActiveCfg = Debug|Any CPU
		{F8E98051-3AE2-41C6-A970-B81768DF1E53}.Debug|Any CPU.Build.0 = Debug|Any CPU
		{F8E98051-3AE2-41C6-A970-B81768DF1E53}.Release|Any CPU.ActiveCfg = Release|Any CPU
		{F8E98051-3AE2-41C6-A970-B81768DF1E53}.Release|Any CPU.Build.0 = Release|Any CPU
		{F02E4614-0060-4AE4-9186-ABCA69CC02EF}.Debug|Any CPU.ActiveCfg = Debug|Any CPU
		{F02E4614-0060-4AE4-9186-ABCA69CC02EF}.Debug|Any CPU.Build.0 = Debug|Any CPU
		{F02E4614-0060-4AE4-9186-ABCA69CC02EF}.Release|Any CPU.ActiveCfg = Release|Any CPU
		{F02E4614-0060-4AE4-9186-ABCA69CC02EF}.Release|Any CPU.Build.0 = Release|Any CPU
	EndGlobalSection
	GlobalSection(SolutionProperties) = preSolution
		HideSolutionNode = FALSE
	EndGlobalSection
	GlobalSection(ExtensibilityGlobals) = postSolution
		SolutionGuid = {F716CB9D-D8C5-41A6-B5A8-F45A818315CD}
	EndGlobalSection
EndGlobal
